
Microsoft Visual Studio Solution File, Format Version 12.00
# Visual Studio 15
VisualStudioVersion = 15.0.28307.757
MinimumVisualStudioVersion = 10.0.40219.1
Project("{FAE04EC0-301F-11D3-BF4B-00C04F79EFBC}") = "TodoApp", "TodoApp\TodoApp.csproj", "{DAE7EF76-BD21-441A-9970-1352CA6F1AE1}"
EndProject
Project("{FAE04EC0-301F-11D3-BF4B-00C04F79EFBC}") = "TodoAppData", "TodoAppData\TodoAppData.csproj", "{C61DBFF5-0D8C-41FF-AD3D-048F6FA30E88}"
EndProject
Global
	GlobalSection(SolutionConfigurationPlatforms) = preSolution
		Debug|Any CPU = Debug|Any CPU
		Release|Any CPU = Release|Any CPU
	EndGlobalSection
	GlobalSection(ProjectConfigurationPlatforms) = postSolution
		{DAE7EF76-BD21-441A-9970-1352CA6F1AE1}.Debug|Any CPU.ActiveCfg = Debug|Any CPU
		{DAE7EF76-BD21-441A-9970-1352CA6F1AE1}.Debug|Any CPU.Build.0 = Debug|Any CPU
		{DAE7EF76-BD21-441A-9970-1352CA6F1AE1}.Release|Any CPU.ActiveCfg = Release|Any CPU
		{DAE7EF76-BD21-441A-9970-1352CA6F1AE1}.Release|Any CPU.Build.0 = Release|Any CPU
		{C61DBFF5-0D8C-41FF-AD3D-048F6FA30E88}.Debug|Any CPU.ActiveCfg = Debug|Any CPU
		{C61DBFF5-0D8C-41FF-AD3D-048F6FA30E88}.Debug|Any CPU.Build.0 = Debug|Any CPU
		{C61DBFF5-0D8C-41FF-AD3D-048F6FA30E88}.Release|Any CPU.ActiveCfg = Release|Any CPU
		{C61DBFF5-0D8C-41FF-AD3D-048F6FA30E88}.Release|Any CPU.Build.0 = Release|Any CPU
	EndGlobalSection
	GlobalSection(SolutionProperties) = preSolution
		HideSolutionNode = FALSE
	EndGlobalSection
	GlobalSection(ExtensibilityGlobals) = postSolution
		SolutionGuid = {29569145-D355-40B1-AEC3-428EBB110B2E}
	EndGlobalSection
EndGlobal
